
Microsoft Visual Studio Solution File, Format Version 12.00
Project("{FAE04EC0-301F-11D3-BF4B-00C04F79EFBC}") = "TMS", "TMS\TMS.csproj", "{BEBC2D76-CD38-4191-A0EE-ADBAE833179A}"
EndProject
Global
	GlobalSection(SolutionConfigurationPlatforms) = preSolution
		Debug|Any CPU = Debug|Any CPU
		Release|Any CPU = Release|Any CPU
	EndGlobalSection
	GlobalSection(ProjectConfigurationPlatforms) = postSolution
		{BEBC2D76-CD38-4191-A0EE-ADBAE833179A}.Debug|Any CPU.ActiveCfg = Debug|Any CPU
		{BEBC2D76-CD38-4191-A0EE-ADBAE833179A}.Debug|Any CPU.Build.0 = Debug|Any CPU
		{BEBC2D76-CD38-4191-A0EE-ADBAE833179A}.Release|Any CPU.ActiveCfg = Release|Any CPU
		{BEBC2D76-CD38-4191-A0EE-ADBAE833179A}.Release|Any CPU.Build.0 = Release|Any CPU
	EndGlobalSection
EndGlobal
